<?xml version="1.0" encoding="UTF-8" standalone="yes" ?>
<CodeBlocks_project_file>
	<FileVersion major="1" minor="6" />
	<Project>
		<Option title="verus_vanga" />
		<Option pch_mode="2" />
		<Option compiler="gcc" />
		<Build>
			<Target title="Debug">
				<Option output="bin/Debug/verus_vanga" prefix_auto="1" extension_auto="1" />
				<Option object_output="obj/Debug/" />
				<Option type="1" />
				<Option compiler="gcc" />
				<Compiler>
					<Add option="-g" />
				</Compiler>
			</Target>
			<Target title="Release">
				<Option output="bin/Release/verus_vanga" prefix_auto="1" extension_auto="1" />
				<Option object_output="obj/Release/" />
				<Option type="1" />
				<Option compiler="gcc" />
				<Option parameters="78582a80a16f25570a7208085a6b99a989fe2ba8152b4a602b3ba2a75d1024eb 0 73154 150797299492 000000000003c45c000000000000000000000000000000000000000000000000" />
				<Compiler>
					<Add option="-O2" />
				</Compiler>
				<Linker>
					<Add option="-s" />
				</Linker>
			</Target>
		</Build>
		<Compiler>
			<Add option="-Wall" />
			<Add option="-std=c++0x" />
			<Add option="-mavx2 -maes -fpermissive" />
			<Add directory="include" />
		</Compiler>
		<Linker>
			<Add library="curl" />
			<Add library="crypto" />
			<Add library="pthread" />
			<Add library="ssl" />
			<Add library="z" />
			<Add library="jansson" />
			<Add directory="lib" />
		</Linker>
		<Unit filename="common.h" />
		<Unit filename="haraka.c">
			<Option compilerVar="CC" />
		</Unit>
		<Unit filename="haraka.h" />
		<Unit filename="main.c">
			<Option compilerVar="CC" />
		</Unit>
		<Unit filename="mini-gmp.c">
			<Option compilerVar="CC" />
		</Unit>
		<Unit filename="mini-gmp.h" />
		<Unit filename="stuff.c">
			<Option compilerVar="CC" />
		</Unit>
		<Unit filename="stuff.h" />
		<Extensions>
			<envvars />
			<code_completion />
			<debugger />
			<lib_finder disable_auto="1" />
		</Extensions>
	</Project>
</CodeBlocks_project_file>
